
Microsoft Visual Studio Solution File, Format Version 12.00
# Visual Studio 15
VisualStudioVersion = 15.0.28307.902
MinimumVisualStudioVersion = 10.0.40219.1
Project("{FAE04EC0-301F-11D3-BF4B-00C04F79EFBC}") = "Studio365", "Studio365\Studio365.csproj", "{9CA68372-AB16-4967-BBF9-0A6170E16C26}"
EndProject
Global
	GlobalSection(SolutionConfigurationPlatforms) = preSolution
		Debug|Any CPU = Debug|Any CPU
		Release|Any CPU = Release|Any CPU
	EndGlobalSection
	GlobalSection(ProjectConfigurationPlatforms) = postSolution
		{9CA68372-AB16-4967-BBF9-0A6170E16C26}.Debug|Any CPU.ActiveCfg = Debug|Any CPU
		{9CA68372-AB16-4967-BBF9-0A6170E16C26}.Debug|Any CPU.Build.0 = Debug|Any CPU
		{9CA68372-AB16-4967-BBF9-0A6170E16C26}.Release|Any CPU.ActiveCfg = Release|Any CPU
		{9CA68372-AB16-4967-BBF9-0A6170E16C26}.Release|Any CPU.Build.0 = Release|Any CPU
	EndGlobalSection
	GlobalSection(SolutionProperties) = preSolution
		HideSolutionNode = FALSE
	EndGlobalSection
	GlobalSection(ExtensibilityGlobals) = postSolution
		SolutionGuid = {46973F27-079A-4248-A8FF-1FE08FE0F9FE}
	EndGlobalSection
EndGlobal
